
Microsoft Visual Studio Solution File, Format Version 12.00
# Visual Studio 15
VisualStudioVersion = 15.0.28307.421
MinimumVisualStudioVersion = 10.0.40219.1
Project("{FAE04EC0-301F-11D3-BF4B-00C04F79EFBC}") = "JustCarpets", "JustCarpets\JustCarpets.csproj", "{61C34999-4944-4604-AD15-15B5FD282F00}"
EndProject
Global
	GlobalSection(SolutionConfigurationPlatforms) = preSolution
		Debug|Any CPU = Debug|Any CPU
		Release|Any CPU = Release|Any CPU
	EndGlobalSection
	GlobalSection(ProjectConfigurationPlatforms) = postSolution
		{61C34999-4944-4604-AD15-15B5FD282F00}.Debug|Any CPU.ActiveCfg = Debug|Any CPU
		{61C34999-4944-4604-AD15-15B5FD282F00}.Debug|Any CPU.Build.0 = Debug|Any CPU
		{61C34999-4944-4604-AD15-15B5FD282F00}.Release|Any CPU.ActiveCfg = Release|Any CPU
		{61C34999-4944-4604-AD15-15B5FD282F00}.Release|Any CPU.Build.0 = Release|Any CPU
	EndGlobalSection
	GlobalSection(SolutionProperties) = preSolution
		HideSolutionNode = FALSE
	EndGlobalSection
	GlobalSection(ExtensibilityGlobals) = postSolution
		SolutionGuid = {D9C8DFF9-6172-46F4-981F-7D4411B5377D}
	EndGlobalSection
EndGlobal
